
Microsoft Visual Studio Solution File, Format Version 12.00
# Visual Studio Version 16
VisualStudioVersion = 16.0.30011.22
MinimumVisualStudioVersion = 10.0.40219.1
Project("{FAE04EC0-301F-11D3-BF4B-00C04F79EFBC}") = "Framework", "Framework\Framework.csproj", "{6139397F-88BF-49DD-B69A-6DF5C891EC62}"
EndProject
Global
	GlobalSection(SolutionConfigurationPlatforms) = preSolution
		Debug|Any CPU = Debug|Any CPU
		Release|Any CPU = Release|Any CPU
	EndGlobalSection
	GlobalSection(ProjectConfigurationPlatforms) = postSolution
		{6139397F-88BF-49DD-B69A-6DF5C891EC62}.Debug|Any CPU.ActiveCfg = Debug|Any CPU
		{6139397F-88BF-49DD-B69A-6DF5C891EC62}.Debug|Any CPU.Build.0 = Debug|Any CPU
		{6139397F-88BF-49DD-B69A-6DF5C891EC62}.Release|Any CPU.ActiveCfg = Release|Any CPU
		{6139397F-88BF-49DD-B69A-6DF5C891EC62}.Release|Any CPU.Build.0 = Release|Any CPU
	EndGlobalSection
	GlobalSection(SolutionProperties) = preSolution
		HideSolutionNode = FALSE
	EndGlobalSection
	GlobalSection(ExtensibilityGlobals) = postSolution
		SolutionGuid = {8C6402FA-5204-4F72-996F-ACF5E0B13012}
	EndGlobalSection
EndGlobal
